{
  "name": "turndowncli",
  "version": "1.0.0",
  "lockfileVersion": 3,
  "requires": true,
  "packages": {
    "": {
      "name": "turndowncli",
      "version": "1.0.0",
      "license": "MIT",
      "dependencies": {
        "@commander-js/extra-typings": "^11.0.0",
        "@types/turndown": "^5.0.1",
        "commander": "^11.0.0",
        "turndown": "^7.1.2",
        "turndown-plugin-gfm": "^1.0.2"
      },
      "devDependencies": {
        "@types/node": "^20.3.3",
        "typescript": "^5.1.6"
      }
    },
    "node_modules/@commander-js/extra-typings": {
      "version": "11.0.0",
      "resolved": "https://registry.npmjs.org/@commander-js/extra-typings/-/extra-typings-11.0.0.tgz",
      "integrity": "sha512-06ol6Kn5gPjFY6v0vWOZ84nQwyqhZdaeZCHYH3vhwewjpOEjniF1KHZxh18887G3poWiJ8qyq5pb6ANuiddfPQ==",
      "peerDependencies": {
        "commander": "11.0.x"
      }
    },
    "node_modules/@types/node": {
      "version": "20.3.3",
      "resolved": "https://registry.npmjs.org/@types/node/-/node-20.3.3.tgz",
      "integrity": "sha512-wheIYdr4NYML61AjC8MKj/2jrR/kDQri/CIpVoZwldwhnIrD/j9jIU5bJ8yBKuB2VhpFV7Ab6G2XkBjv9r9Zzw==",
      "dev": true
    },
    "node_modules/@types/turndown": {
      "version": "5.0.1",
      "resolved": "https://registry.npmjs.org/@types/turndown/-/turndown-5.0.1.tgz",
      "integrity": "sha512-N8Ad4e3oJxh9n9BiZx9cbe/0M3kqDpOTm2wzj13wdDUxDPjfjloWIJaquZzWE1cYTAHpjOH3rcTnXQdpEfS/SQ=="
    },
    "node_modules/commander": {
      "version": "11.0.0",
      "resolved": "https://registry.npmjs.org/commander/-/commander-11.0.0.tgz",
      "integrity": "sha512-9HMlXtt/BNoYr8ooyjjNRdIilOTkVJXB+GhxMTtOKwk0R4j4lS4NpjuqmRxroBfnfTSHQIHQB7wryHhXarNjmQ==",
      "engines": {
        "node": ">=16"
      }
    },
    "node_modules/domino": {
      "version": "2.1.6",
      "resolved": "https://registry.npmjs.org/domino/-/domino-2.1.6.tgz",
      "integrity": "sha512-3VdM/SXBZX2omc9JF9nOPCtDaYQ67BGp5CoLpIQlO2KCAPETs8TcDHacF26jXadGbvUteZzRTeos2fhID5+ucQ=="
    },
    "node_modules/turndown": {
      "version": "7.1.2",
      "resolved": "https://registry.npmjs.org/turndown/-/turndown-7.1.2.tgz",
      "integrity": "sha512-ntI9R7fcUKjqBP6QU8rBK2Ehyt8LAzt3UBT9JR9tgo6GtuKvyUzpayWmeMKJw1DPdXzktvtIT8m2mVXz+bL/Qg==",
      "dependencies": {
        "domino": "^2.1.6"
      }
    },
    "node_modules/turndown-plugin-gfm": {
      "version": "1.0.2",
      "resolved": "https://registry.npmjs.org/turndown-plugin-gfm/-/turndown-plugin-gfm-1.0.2.tgz",
      "integrity": "sha512-vwz9tfvF7XN/jE0dGoBei3FXWuvll78ohzCZQuOb+ZjWrs3a0XhQVomJEb2Qh4VHTPNRO4GPZh0V7VRbiWwkRg=="
    },
    "node_modules/typescript": {
      "version": "5.1.6",
      "resolved": "https://registry.npmjs.org/typescript/-/typescript-5.1.6.tgz",
      "integrity": "sha512-zaWCozRZ6DLEWAWFrVDz1H6FVXzUSfTy5FUMWsQlU8Ym5JP9eO4xkTIROFCQvhQf61z6O/G6ugw3SgAnvvm+HA==",
      "dev": true,
      "bin": {
        "tsc": "bin/tsc",
        "tsserver": "bin/tsserver"
      },
      "engines": {
        "node": ">=14.17"
      }
    }
  }
}
